<?xml version="1.0" encoding="utf-8"?>
<Project ToolsVersion="4.0" xmlns="http://schemas.microsoft.com/developer/msbuild/2003">
  <ItemGroup>
    <Filter Include="Source Files">
      <UniqueIdentifier>{4FC737F1-C7A5-4376-A066-2A32D752A2FF}</UniqueIdentifier>
      <Extensions>cpp;c;cc;cxx;def;odl;idl;hpj;bat;asm;asmx</Extensions>
    </Filter>
    <Filter Include="Header Files">
      <UniqueIdentifier>{93995380-89BD-4b04-88EB-625FBE52EBFB}</UniqueIdentifier>
      <Extensions>h;hpp;hxx;hm;inl;inc;xsd</Extensions>
    </Filter>
    <Filter Include="Resource Files">
      <UniqueIdentifier>{67DA6AB6-F800-4c08-8B7A-83BB121AAD01}</UniqueIdentifier>
      <Extensions>rc;ico;cur;bmp;dlg;rc2;rct;bin;rgs;gif;jpg;jpeg;jpe;resx;tiff;tif;png;wav;mfcribbon-ms</Extensions>
    </Filter>
  </ItemGroup>
  <ItemGroup>
    <ClCompile Include="DllMain.cpp">
      <Filter>Source Files</Filter>
    </ClCompile>
    <ClCompile Include="OpenGLDepthStencilView.cpp">
      <Filter>Source Files</Filter>
    </ClCompile>
    <ClCompile Include="OpenGLFrameBuffer.cpp">
      <Filter>Source Files</Filter>
    </ClCompile>
    <ClCompile Include="OpenGLGraphicCommon.cpp">
      <Filter>Source Files</Filter>
    </ClCompile>
    <ClCompile Include="OpenGLRenderTargetView.cpp">
      <Filter>Source Files</Filter>
    </ClCompile>
    <ClCompile Include="OpenGLRenderWindow.cpp">
      <Filter>Source Files</Filter>
    </ClCompile>
    <ClCompile Include="OpenGLSampleStater.cpp">
      <Filter>Source Files</Filter>
    </ClCompile>
    <ClCompile Include="OpenGLShader.cpp">
      <Filter>Source Files</Filter>
    </ClCompile>
    <ClCompile Include="OpenGLTexture.cpp">
      <Filter>Source Files</Filter>
    </ClCompile>
    <ClCompile Include="OpenGLTexture1D.cpp">
      <Filter>Source Files</Filter>
    </ClCompile>
    <ClCompile Include="OpenGLTexture2D.cpp">
      <Filter>Source Files</Filter>
    </ClCompile>
    <ClCompile Include="OpenGLTexture3D.cpp">
      <Filter>Source Files</Filter>
    </ClCompile>
    <ClCompile Include="OpenGLTextureCube.cpp">
      <Filter>Source Files</Filter>
    </ClCompile>
    <ClCompile Include="pfm.cpp">
      <Filter>Source Files</Filter>
    </ClCompile>
    <ClCompile Include="OpenGLBuffer.cpp">
      <Filter>Source Files</Filter>
    </ClCompile>
    <ClCompile Include="OpenGLFactory.cpp">
      <Filter>Source Files</Filter>
    </ClCompile>
    <ClCompile Include="OpenGLDevice.cpp">
      <Filter>Source Files</Filter>
    </ClCompile>
    <ClCompile Include="OpenGLView.cpp">
      <Filter>Source Files</Filter>
    </ClCompile>
    <ClCompile Include="OpenGLVertexDeclaration.cpp">
      <Filter>Source Files</Filter>
    </ClCompile>
    <ClCompile Include="OpenGLModule.cpp">
      <Filter>Source Files</Filter>
    </ClCompile>
    <ClCompile Include="OpenGLShaderPipeline.cpp">
      <Filter>Source Files</Filter>
    </ClCompile>
  </ItemGroup>
  <ItemGroup>
    <ClInclude Include="OpenGLFrameBuffer.h">
      <Filter>Header Files</Filter>
    </ClInclude>
    <ClInclude Include="OpenGLGraphicCommon.h">
      <Filter>Header Files</Filter>
    </ClInclude>
    <ClInclude Include="OpenGLPrerequisites.h">
      <Filter>Header Files</Filter>
    </ClInclude>
    <ClInclude Include="OpenGLRenderWindow.h">
      <Filter>Header Files</Filter>
    </ClInclude>
    <ClInclude Include="OpenGLSamplerState.h">
      <Filter>Header Files</Filter>
    </ClInclude>
    <ClInclude Include="OpenGLShader.h">
      <Filter>Header Files</Filter>
    </ClInclude>
    <ClInclude Include="OpenGLTexture.h">
      <Filter>Header Files</Filter>
    </ClInclude>
    <ClInclude Include="pfm.h">
      <Filter>Header Files</Filter>
    </ClInclude>
    <ClInclude Include="OpenGLBuffer.h">
      <Filter>Header Files</Filter>
    </ClInclude>
    <ClInclude Include="OpenGLDevice.h">
      <Filter>Header Files</Filter>
    </ClInclude>
    <ClInclude Include="OpenGLFactory.h">
      <Filter>Header Files</Filter>
    </ClInclude>
    <ClInclude Include="OpenGLView.h">
      <Filter>Header Files</Filter>
    </ClInclude>
    <ClInclude Include="OpenGLVertexDeclaration.h">
      <Filter>Header Files</Filter>
    </ClInclude>
    <ClInclude Include="OpenGLModule.h">
      <Filter>Header Files</Filter>
    </ClInclude>
  </ItemGroup>
</Project>