<?xml version="1.0" encoding="utf-8"?>
<Project ToolsVersion="4.0" xmlns="http://schemas.microsoft.com/developer/msbuild/2003">
  <ItemGroup>
    <Filter Include="Core">
      <UniqueIdentifier>{d1144424-716f-41c3-879d-7e2550df2e82}</UniqueIdentifier>
    </Filter>
    <Filter Include="Graphics">
      <UniqueIdentifier>{84a2b3c7-5c9b-4e74-bd2d-e21b489d236d}</UniqueIdentifier>
    </Filter>
    <Filter Include="GUI">
      <UniqueIdentifier>{e4d84ae4-e94b-4087-b26e-d973b744b611}</UniqueIdentifier>
    </Filter>
    <Filter Include="Input">
      <UniqueIdentifier>{94fa5b4c-d24e-4cce-9283-b8da6c807c52}</UniqueIdentifier>
    </Filter>
    <Filter Include="IO">
      <UniqueIdentifier>{bf0d05be-f030-4d23-bd9c-589eb48c05f7}</UniqueIdentifier>
    </Filter>
    <Filter Include="MainApp">
      <UniqueIdentifier>{7474213d-1528-4d45-914f-2c0f9efa8236}</UniqueIdentifier>
    </Filter>
    <Filter Include="Math">
      <UniqueIdentifier>{d4f56fbb-e379-43db-b8c4-d9bab1cccfa0}</UniqueIdentifier>
    </Filter>
    <Filter Include="Resource">
      <UniqueIdentifier>{22760b06-d1aa-4acd-93d1-4f8703137b4f}</UniqueIdentifier>
    </Filter>
    <Filter Include="Scene">
      <UniqueIdentifier>{f10722c4-add3-4b4a-87e0-af6db7f55c37}</UniqueIdentifier>
    </Filter>
    <Filter Include="Asset">
      <UniqueIdentifier>{8f0baa9b-faf5-48a6-9c89-3b53c24d9209}</UniqueIdentifier>
    </Filter>
    <Filter Include="Asset\Effect">
      <UniqueIdentifier>{7fb6c7de-5c99-499f-84db-706fd343c14c}</UniqueIdentifier>
    </Filter>
    <Filter Include="Asset\HLSL">
      <UniqueIdentifier>{f273af30-26f0-4995-8ef3-449c46b2be41}</UniqueIdentifier>
    </Filter>
    <Filter Include="Asset\GLSL">
      <UniqueIdentifier>{cfe7aaa9-f7d4-4178-a2b3-f251f49bfe64}</UniqueIdentifier>
    </Filter>
    <Filter Include="Asset\Material">
      <UniqueIdentifier>{2f127fa8-5ee8-4f16-9313-c41678db02ea}</UniqueIdentifier>
    </Filter>
  </ItemGroup>
  <ItemGroup>
    <ClInclude Include="Core\CompileConfig.h">
      <Filter>Core</Filter>
    </ClInclude>
    <ClInclude Include="Core\Exception.h">
      <Filter>Core</Filter>
    </ClInclude>
    <ClInclude Include="Core\IModule.h">
      <Filter>Core</Filter>
    </ClInclude>
    <ClInclude Include="Core\ModuleManager.h">
      <Filter>Core</Filter>
    </ClInclude>
    <ClInclude Include="Core\Prerequisites.h">
      <Filter>Core</Filter>
    </ClInclude>
    <ClInclude Include="Core\Singleton.h">
      <Filter>Core</Filter>
    </ClInclude>
    <ClInclude Include="Core\Timer.h">
      <Filter>Core</Filter>
    </ClInclude>
    <ClInclude Include="Core\Utility.h">
      <Filter>Core</Filter>
    </ClInclude>
    <ClInclude Include="Graphics\GraphicsCommon.h">
      <Filter>Graphics</Filter>
    </ClInclude>
    <ClInclude Include="Graphics\PixelFormat.h">
      <Filter>Graphics</Filter>
    </ClInclude>
    <ClInclude Include="Math\BoundingBox.h">
      <Filter>Math</Filter>
    </ClInclude>
    <ClInclude Include="Math\BoundingSphere.h">
      <Filter>Math</Filter>
    </ClInclude>
    <ClInclude Include="Math\ColorRGBA.h">
      <Filter>Math</Filter>
    </ClInclude>
    <ClInclude Include="Math\Frustum.h">
      <Filter>Math</Filter>
    </ClInclude>
    <ClInclude Include="Math\Math.h">
      <Filter>Math</Filter>
    </ClInclude>
    <ClInclude Include="Math\MathUtil.h">
      <Filter>Math</Filter>
    </ClInclude>
    <ClInclude Include="Math\Matrix.h">
      <Filter>Math</Filter>
    </ClInclude>
    <ClInclude Include="Math\Plane.h">
      <Filter>Math</Filter>
    </ClInclude>
    <ClInclude Include="Math\Quaternion.h">
      <Filter>Math</Filter>
    </ClInclude>
    <ClInclude Include="Math\Ray.h">
      <Filter>Math</Filter>
    </ClInclude>
    <ClInclude Include="Math\Rectangle.h">
      <Filter>Math</Filter>
    </ClInclude>
    <ClInclude Include="Math\Vector.h">
      <Filter>Math</Filter>
    </ClInclude>
    <ClInclude Include="Core\Variant.h">
      <Filter>Core</Filter>
    </ClInclude>
    <ClInclude Include="Core\StringHash.h">
      <Filter>Core</Filter>
    </ClInclude>
    <ClInclude Include="Core\Loger.h">
      <Filter>Core</Filter>
    </ClInclude>
    <ClInclude Include="MainApp\Application.h">
      <Filter>MainApp</Filter>
    </ClInclude>
    <ClInclude Include="MainApp\Window.h">
      <Filter>MainApp</Filter>
    </ClInclude>
    <ClInclude Include="Input\InputEvent.h">
      <Filter>Input</Filter>
    </ClInclude>
    <ClInclude Include="Input\InputSystem.h">
      <Filter>Input</Filter>
    </ClInclude>
    <ClInclude Include="Core\Environment.h">
      <Filter>Core</Filter>
    </ClInclude>
    <ClInclude Include="IO\FileStream.h">
      <Filter>IO</Filter>
    </ClInclude>
    <ClInclude Include="IO\FileSystem.h">
      <Filter>IO</Filter>
    </ClInclude>
    <ClInclude Include="IO\MemoryStream.h">
      <Filter>IO</Filter>
    </ClInclude>
    <ClInclude Include="IO\PathUtil.h">
      <Filter>IO</Filter>
    </ClInclude>
    <ClInclude Include="IO\Stream.h">
      <Filter>IO</Filter>
    </ClInclude>
    <ClInclude Include="MainApp\AppSettings.h">
      <Filter>MainApp</Filter>
    </ClInclude>
    <ClInclude Include="Resource\Resource.h">
      <Filter>Resource</Filter>
    </ClInclude>
    <ClInclude Include="Resource\ResourceManager.h">
      <Filter>Resource</Filter>
    </ClInclude>
    <ClInclude Include="Core\XMLDom.h">
      <Filter>Core</Filter>
    </ClInclude>
    <ClInclude Include="Graphics\EffectParameter.h">
      <Filter>Graphics</Filter>
    </ClInclude>
    <ClInclude Include="Graphics\Effect.h">
      <Filter>Graphics</Filter>
    </ClInclude>
    <ClInclude Include="Graphics\TextureResource.h">
      <Filter>Graphics</Filter>
    </ClInclude>
    <ClInclude Include="Graphics\Material.h">
      <Filter>Graphics</Filter>
    </ClInclude>
    <ClInclude Include="Graphics\Mesh.h">
      <Filter>Graphics</Filter>
    </ClInclude>
    <ClInclude Include="Graphics\AnimationClip.h">
      <Filter>Graphics</Filter>
    </ClInclude>
    <ClInclude Include="Graphics\AnimationState.h">
      <Filter>Graphics</Filter>
    </ClInclude>
    <ClInclude Include="Graphics\Skeleton.h">
      <Filter>Graphics</Filter>
    </ClInclude>
    <ClInclude Include="Graphics\Animation.h">
      <Filter>Graphics</Filter>
    </ClInclude>
    <ClInclude Include="Graphics\AnimationController.h">
      <Filter>Graphics</Filter>
    </ClInclude>
    <ClInclude Include="Graphics\Renderable.h">
      <Filter>Graphics</Filter>
    </ClInclude>
    <ClInclude Include="Scene\Entity.h">
      <Filter>Scene</Filter>
    </ClInclude>
    <ClInclude Include="Scene\Light.h">
      <Filter>Scene</Filter>
    </ClInclude>
    <ClInclude Include="Scene\Node.h">
      <Filter>Scene</Filter>
    </ClInclude>
    <ClInclude Include="Scene\SceneManager.h">
      <Filter>Scene</Filter>
    </ClInclude>
    <ClInclude Include="Scene\SceneNode.h">
      <Filter>Scene</Filter>
    </ClInclude>
    <ClInclude Include="Scene\SceneObject.h">
      <Filter>Scene</Filter>
    </ClInclude>
    <ClInclude Include="Scene\SubEntity.h">
      <Filter>Scene</Filter>
    </ClInclude>
    <ClInclude Include="Graphics\SpriteBatch.h">
      <Filter>Graphics</Filter>
    </ClInclude>
    <ClInclude Include="Graphics\VertexDeclaration.h">
      <Filter>Graphics</Filter>
    </ClInclude>
    <ClInclude Include="Graphics\RenderFactory.h">
      <Filter>Graphics</Filter>
    </ClInclude>
    <ClInclude Include="Graphics\RenderOperation.h">
      <Filter>Graphics</Filter>
    </ClInclude>
    <ClInclude Include="Graphics\RenderState.h">
      <Filter>Graphics</Filter>
    </ClInclude>
    <ClInclude Include="Graphics\Sky.h">
      <Filter>Graphics</Filter>
    </ClInclude>
    <ClInclude Include="Graphics\RenderQueue.h">
      <Filter>Graphics</Filter>
    </ClInclude>
    <ClInclude Include="Graphics\GraphicsResource.h">
      <Filter>Graphics</Filter>
    </ClInclude>
    <ClInclude Include="Graphics\Camera.h">
      <Filter>Graphics</Filter>
    </ClInclude>
    <ClInclude Include="Graphics\GraphicsScriptLoader.h">
      <Filter>Graphics</Filter>
    </ClInclude>
    <ClInclude Include="Graphics\CascadedShadowMap.h">
      <Filter>Graphics</Filter>
    </ClInclude>
    <ClInclude Include="Graphics\RenderPath.h">
      <Filter>Graphics</Filter>
    </ClInclude>
    <ClInclude Include="Graphics\CameraController1.h">
      <Filter>Graphics</Filter>
    </ClInclude>
    <ClInclude Include="Graphics\Image.h">
      <Filter>Graphics</Filter>
    </ClInclude>
    <ClInclude Include="Core\Profiler.h">
      <Filter>Core</Filter>
    </ClInclude>
    <ClInclude Include="Graphics\DebugDrawManager.h">
      <Filter>Graphics</Filter>
    </ClInclude>
    <ClInclude Include="Graphics\Geometry.h">
      <Filter>Graphics</Filter>
    </ClInclude>
    <ClInclude Include="GUI\Button.h">
      <Filter>GUI</Filter>
    </ClInclude>
    <ClInclude Include="GUI\CheckBox.h">
      <Filter>GUI</Filter>
    </ClInclude>
    <ClInclude Include="GUI\ComboBox.h">
      <Filter>GUI</Filter>
    </ClInclude>
    <ClInclude Include="GUI\Console.h">
      <Filter>GUI</Filter>
    </ClInclude>
    <ClInclude Include="GUI\Cursor.h">
      <Filter>GUI</Filter>
    </ClInclude>
    <ClInclude Include="GUI\GuiSkin.h">
      <Filter>GUI</Filter>
    </ClInclude>
    <ClInclude Include="GUI\Label.h">
      <Filter>GUI</Filter>
    </ClInclude>
    <ClInclude Include="GUI\LineEdit.h">
      <Filter>GUI</Filter>
    </ClInclude>
    <ClInclude Include="GUI\ListBox.h">
      <Filter>GUI</Filter>
    </ClInclude>
    <ClInclude Include="GUI\Menu.h">
      <Filter>GUI</Filter>
    </ClInclude>
    <ClInclude Include="GUI\RadioButton.h">
      <Filter>GUI</Filter>
    </ClInclude>
    <ClInclude Include="GUI\ScrollBar.h">
      <Filter>GUI</Filter>
    </ClInclude>
    <ClInclude Include="GUI\Slider.h">
      <Filter>GUI</Filter>
    </ClInclude>
    <ClInclude Include="GUI\TextEdit.h">
      <Filter>GUI</Filter>
    </ClInclude>
    <ClInclude Include="GUI\UIElement.h">
      <Filter>GUI</Filter>
    </ClInclude>
    <ClInclude Include="GUI\UIManager.h">
      <Filter>GUI</Filter>
    </ClInclude>
    <ClInclude Include="GUI\UIWindow.h">
      <Filter>GUI</Filter>
    </ClInclude>
    <ClInclude Include="Graphics\Font.h">
      <Filter>Graphics</Filter>
    </ClInclude>
  </ItemGroup>
  <ItemGroup>
    <ClCompile Include="Core\Exception.cpp">
      <Filter>Core</Filter>
    </ClCompile>
    <ClCompile Include="Core\IModule.cpp">
      <Filter>Core</Filter>
    </ClCompile>
    <ClCompile Include="Core\ModuleManager.cpp">
      <Filter>Core</Filter>
    </ClCompile>
    <ClCompile Include="Core\Timer.cpp">
      <Filter>Core</Filter>
    </ClCompile>
    <ClCompile Include="Core\Utility.cpp">
      <Filter>Core</Filter>
    </ClCompile>
    <ClCompile Include="Graphics\PixelFormat.cpp">
      <Filter>Graphics</Filter>
    </ClCompile>
    <ClCompile Include="Math\ColorRGBA.cpp">
      <Filter>Math</Filter>
    </ClCompile>
    <ClCompile Include="Core\Variant.cpp">
      <Filter>Core</Filter>
    </ClCompile>
    <ClCompile Include="Core\StringHash.cpp">
      <Filter>Core</Filter>
    </ClCompile>
    <ClCompile Include="Core\Loger.cpp">
      <Filter>Core</Filter>
    </ClCompile>
    <ClCompile Include="MainApp\Application.cpp">
      <Filter>MainApp</Filter>
    </ClCompile>
    <ClCompile Include="MainApp\Window.cpp">
      <Filter>MainApp</Filter>
    </ClCompile>
    <ClCompile Include="MainApp\Window_Android.cpp">
      <Filter>MainApp</Filter>
    </ClCompile>
    <ClCompile Include="MainApp\Window_Win32.cpp">
      <Filter>MainApp</Filter>
    </ClCompile>
    <ClCompile Include="Input\InputSystem.cpp">
      <Filter>Input</Filter>
    </ClCompile>
    <ClCompile Include="Core\Environment.cpp">
      <Filter>Core</Filter>
    </ClCompile>
    <ClCompile Include="IO\FileStream.cpp">
      <Filter>IO</Filter>
    </ClCompile>
    <ClCompile Include="IO\FileSystem.cpp">
      <Filter>IO</Filter>
    </ClCompile>
    <ClCompile Include="IO\MemoryStream.cpp">
      <Filter>IO</Filter>
    </ClCompile>
    <ClCompile Include="IO\PathUtil.cpp">
      <Filter>IO</Filter>
    </ClCompile>
    <ClCompile Include="IO\Stream.cpp">
      <Filter>IO</Filter>
    </ClCompile>
    <ClCompile Include="Resource\Resource.cpp">
      <Filter>Resource</Filter>
    </ClCompile>
    <ClCompile Include="Resource\ResourceManage.cpp">
      <Filter>Resource</Filter>
    </ClCompile>
    <ClCompile Include="Core\XMLDom.cpp">
      <Filter>Core</Filter>
    </ClCompile>
    <ClCompile Include="Graphics\Effect.cpp">
      <Filter>Graphics</Filter>
    </ClCompile>
    <ClCompile Include="Graphics\EffectParameter.cpp">
      <Filter>Graphics</Filter>
    </ClCompile>
    <ClCompile Include="Graphics\TextureResource.cpp">
      <Filter>Graphics</Filter>
    </ClCompile>
    <ClCompile Include="Graphics\Renderable.cpp">
      <Filter>Graphics</Filter>
    </ClCompile>
    <ClCompile Include="Graphics\Material.cpp">
      <Filter>Graphics</Filter>
    </ClCompile>
    <ClCompile Include="Graphics\Mesh.cpp">
      <Filter>Graphics</Filter>
    </ClCompile>
    <ClCompile Include="Graphics\Animation.cpp">
      <Filter>Graphics</Filter>
    </ClCompile>
    <ClCompile Include="Graphics\AnimationClip.cpp">
      <Filter>Graphics</Filter>
    </ClCompile>
    <ClCompile Include="Graphics\AnimationController.cpp">
      <Filter>Graphics</Filter>
    </ClCompile>
    <ClCompile Include="Graphics\AnimationState.cpp">
      <Filter>Graphics</Filter>
    </ClCompile>
    <ClCompile Include="Graphics\Skeleton.cpp">
      <Filter>Graphics</Filter>
    </ClCompile>
    <ClCompile Include="Scene\Entity.cpp">
      <Filter>Scene</Filter>
    </ClCompile>
    <ClCompile Include="Scene\Light.cpp">
      <Filter>Scene</Filter>
    </ClCompile>
    <ClCompile Include="Scene\Node.cpp">
      <Filter>Scene</Filter>
    </ClCompile>
    <ClCompile Include="Scene\SceneManager.cpp">
      <Filter>Scene</Filter>
    </ClCompile>
    <ClCompile Include="Scene\SceneNode.cpp">
      <Filter>Scene</Filter>
    </ClCompile>
    <ClCompile Include="Scene\SceneObject.cpp">
      <Filter>Scene</Filter>
    </ClCompile>
    <ClCompile Include="Scene\SubEntity.cpp">
      <Filter>Scene</Filter>
    </ClCompile>
    <ClCompile Include="Graphics\SpriteBatch.cpp">
      <Filter>Graphics</Filter>
    </ClCompile>
    <ClCompile Include="Graphics\FrameBuffer.cpp">
      <Filter>Graphics</Filter>
    </ClCompile>
    <ClCompile Include="Graphics\GraphicsResource.cpp">
      <Filter>Graphics</Filter>
    </ClCompile>
    <ClCompile Include="Graphics\RenderDevice.cpp">
      <Filter>Graphics</Filter>
    </ClCompile>
    <ClCompile Include="Graphics\RenderState.cpp">
      <Filter>Graphics</Filter>
    </ClCompile>
    <ClCompile Include="Graphics\RenderFactory.cpp">
      <Filter>Graphics</Filter>
    </ClCompile>
    <ClCompile Include="Graphics\RenderOperation.cpp">
      <Filter>Graphics</Filter>
    </ClCompile>
    <ClCompile Include="Graphics\Sky.cpp">
      <Filter>Graphics</Filter>
    </ClCompile>
    <ClCompile Include="Graphics\RenderQueue.cpp">
      <Filter>Graphics</Filter>
    </ClCompile>
    <ClCompile Include="Graphics\VertexDeclaration.cpp">
      <Filter>Graphics</Filter>
    </ClCompile>
    <ClCompile Include="Graphics\Camera.cpp">
      <Filter>Graphics</Filter>
    </ClCompile>
    <ClCompile Include="Graphics\GraphicsScriptLoader.cpp">
      <Filter>Graphics</Filter>
    </ClCompile>
    <ClCompile Include="Graphics\CascadedShadowMap.cpp">
      <Filter>Graphics</Filter>
    </ClCompile>
    <ClCompile Include="Graphics\CameraController1.cpp">
      <Filter>Graphics</Filter>
    </ClCompile>
    <ClCompile Include="Graphics\RenderPath.cpp">
      <Filter>Graphics</Filter>
    </ClCompile>
    <ClCompile Include="Graphics\Image.cpp">
      <Filter>Graphics</Filter>
    </ClCompile>
    <ClCompile Include="Graphics\DDSImage.cpp">
      <Filter>Graphics</Filter>
    </ClCompile>
    <ClCompile Include="Core\Profiler.cpp">
      <Filter>Core</Filter>
    </ClCompile>
    <ClCompile Include="Graphics\ForwardPath.cpp">
      <Filter>Graphics</Filter>
    </ClCompile>
    <ClCompile Include="Graphics\DebugDrawManager.cpp">
      <Filter>Graphics</Filter>
    </ClCompile>
    <ClCompile Include="Graphics\Geometry.cpp">
      <Filter>Graphics</Filter>
    </ClCompile>
    <ClCompile Include="GUI\Button.cpp">
      <Filter>GUI</Filter>
    </ClCompile>
    <ClCompile Include="GUI\CheckBox.cpp">
      <Filter>GUI</Filter>
    </ClCompile>
    <ClCompile Include="GUI\ComboBox.cpp">
      <Filter>GUI</Filter>
    </ClCompile>
    <ClCompile Include="GUI\Console.cpp">
      <Filter>GUI</Filter>
    </ClCompile>
    <ClCompile Include="GUI\Cursor.cpp">
      <Filter>GUI</Filter>
    </ClCompile>
    <ClCompile Include="GUI\GuiSkin.cpp">
      <Filter>GUI</Filter>
    </ClCompile>
    <ClCompile Include="GUI\Label.cpp">
      <Filter>GUI</Filter>
    </ClCompile>
    <ClCompile Include="GUI\LineEdit.cpp">
      <Filter>GUI</Filter>
    </ClCompile>
    <ClCompile Include="GUI\ListBox.cpp">
      <Filter>GUI</Filter>
    </ClCompile>
    <ClCompile Include="GUI\Menu.cpp">
      <Filter>GUI</Filter>
    </ClCompile>
    <ClCompile Include="GUI\RadioButton.cpp">
      <Filter>GUI</Filter>
    </ClCompile>
    <ClCompile Include="GUI\ScrollBar.cpp">
      <Filter>GUI</Filter>
    </ClCompile>
    <ClCompile Include="GUI\Slider.cpp">
      <Filter>GUI</Filter>
    </ClCompile>
    <ClCompile Include="GUI\TextEdit.cpp">
      <Filter>GUI</Filter>
    </ClCompile>
    <ClCompile Include="GUI\UIElement.cpp">
      <Filter>GUI</Filter>
    </ClCompile>
    <ClCompile Include="GUI\UIManager.cpp">
      <Filter>GUI</Filter>
    </ClCompile>
    <ClCompile Include="GUI\UIWindow.cpp">
      <Filter>GUI</Filter>
    </ClCompile>
    <ClCompile Include="Graphics\Font.cpp">
      <Filter>Graphics</Filter>
    </ClCompile>
  </ItemGroup>
  <ItemGroup>
    <None Include="Math\BoundingBox.inl">
      <Filter>Math</Filter>
    </None>
    <None Include="Math\BoundingSphere.inl">
      <Filter>Math</Filter>
    </None>
    <None Include="Math\ColorRGBA.inl">
      <Filter>Math</Filter>
    </None>
    <None Include="Math\Frustum.inl">
      <Filter>Math</Filter>
    </None>
    <None Include="Math\Math.inl">
      <Filter>Math</Filter>
    </None>
    <None Include="Math\MathUtil.inl">
      <Filter>Math</Filter>
    </None>
    <None Include="Math\Matrix.inl">
      <Filter>Math</Filter>
    </None>
    <None Include="Math\Plane.inl">
      <Filter>Math</Filter>
    </None>
    <None Include="Math\Quaternion.inl">
      <Filter>Math</Filter>
    </None>
    <None Include="Math\Rectangle.inl">
      <Filter>Math</Filter>
    </None>
    <None Include="Math\Vector.inl">
      <Filter>Math</Filter>
    </None>
    <None Include="..\Media\Effect\GLSL\DeferredLighting.glsl">
      <Filter>Asset\GLSL</Filter>
    </None>
    <None Include="..\Media\Effect\GLSL\DeferredUtil.glsl">
      <Filter>Asset\GLSL</Filter>
    </None>
    <None Include="..\Media\Effect\GLSL\LightingUtil.glsl">
      <Filter>Asset\GLSL</Filter>
    </None>
    <None Include="..\Media\Effect\GLSL\Model.glsl">
      <Filter>Asset\GLSL</Filter>
    </None>
    <None Include="..\Media\Effect\GLSL\FSQuad.glsl">
      <Filter>Asset\GLSL</Filter>
    </None>
    <None Include="..\Media\Effect\GLSL\FullscreenTriangle.glsl">
      <Filter>Asset\GLSL</Filter>
    </None>
    <None Include="..\Media\Effect\GLSL\ModelVertexFactory.glsl">
      <Filter>Asset\GLSL</Filter>
    </None>
    <None Include="..\Media\Effect\GLSL\ModelMaterialFactory.glsl">
      <Filter>Asset\GLSL</Filter>
    </None>
    <None Include="..\Media\Effect\GLSL\ShadowMapGen.glsl">
      <Filter>Asset\GLSL</Filter>
    </None>
    <None Include="..\Media\Effect\GLSL\ForwardLighting.glsl">
      <Filter>Asset\GLSL</Filter>
    </None>
    <None Include="..\Media\Effect\GLSL\GBuffer.glsl">
      <Filter>Asset\GLSL</Filter>
    </None>
    <None Include="..\Media\Effect\GLSL\ToneMap.glsl">
      <Filter>Asset\GLSL</Filter>
    </None>
    <None Include="..\Media\Effect\GLSL\DebugView.glsl">
      <Filter>Asset\GLSL</Filter>
    </None>
    <None Include="..\Media\Effect\GLSL\TiledDeferredShading.glsl">
      <Filter>Asset\GLSL</Filter>
    </None>
    <None Include="..\Media\Effect\GLSL\ForwardPlus.glsl">
      <Filter>Asset\GLSL</Filter>
    </None>
    <None Include="..\Media\Effect\GLSL\Tessellation.glsl">
      <Filter>Asset\GLSL</Filter>
    </None>
    <None Include="..\Media\Effect\GLSL\TessQuad.glsl">
      <Filter>Asset\GLSL</Filter>
    </None>
    <None Include="..\Media\Effect\GLSL\BezierCurve.glsl">
      <Filter>Asset\GLSL</Filter>
    </None>
    <None Include="..\Media\Effect\GLSL\TessTeapot.glsl">
      <Filter>Asset\GLSL</Filter>
    </None>
  </ItemGroup>
  <ItemGroup>
    <FxCompile Include="..\Media\Effect\HLSL\Model.hlsl">
      <Filter>Asset\HLSL</Filter>
    </FxCompile>
    <FxCompile Include="..\Media\Effect\HLSL\DeferredLighting.hlsl">
      <Filter>Asset\HLSL</Filter>
    </FxCompile>
    <FxCompile Include="..\Media\Effect\HLSL\DeferredUtil.hlsl">
      <Filter>Asset\HLSL</Filter>
    </FxCompile>
    <FxCompile Include="..\Media\Effect\HLSL\LightingUtil.hlsl">
      <Filter>Asset\HLSL</Filter>
    </FxCompile>
    <FxCompile Include="..\Media\Effect\HLSL\FSQuad.hlsl">
      <Filter>Asset\HLSL</Filter>
    </FxCompile>
    <FxCompile Include="..\Media\Effect\HLSL\FullscreenTriangle.hlsl">
      <Filter>Asset\HLSL</Filter>
    </FxCompile>
    <FxCompile Include="..\Media\Effect\HLSL\ModelMaterialFactory.hlsl">
      <Filter>Asset\HLSL</Filter>
    </FxCompile>
    <FxCompile Include="..\Media\Effect\HLSL\ForwardLighting.hlsl">
      <Filter>Asset\HLSL</Filter>
    </FxCompile>
    <FxCompile Include="..\Media\Effect\HLSL\ModelVertexFactory.hlsl">
      <Filter>Asset\HLSL</Filter>
    </FxCompile>
    <FxCompile Include="..\Media\Effect\HLSL\PSSM.hlsl">
      <Filter>Asset\HLSL</Filter>
    </FxCompile>
    <FxCompile Include="..\Media\Effect\HLSL\RenderCascadeScene.hlsl">
      <Filter>Asset\HLSL</Filter>
    </FxCompile>
    <FxCompile Include="..\Media\Effect\HLSL\ShadowMapGen.hlsl">
      <Filter>Asset\HLSL</Filter>
    </FxCompile>
    <FxCompile Include="..\Media\Effect\HLSL\GBuffer.hlsl">
      <Filter>Asset\HLSL</Filter>
    </FxCompile>
    <FxCompile Include="..\Media\Effect\HLSL\ToneMap.hlsl">
      <Filter>Asset\HLSL</Filter>
    </FxCompile>
    <FxCompile Include="..\Media\Effect\HLSL\DebugView.hlsl">
      <Filter>Asset\HLSL</Filter>
    </FxCompile>
    <FxCompile Include="..\Media\Effect\HLSL\TiledDeferredShading.hlsl">
      <Filter>Asset\HLSL</Filter>
    </FxCompile>
    <FxCompile Include="..\Media\Effect\HLSL\ForwardPlus.hlsl">
      <Filter>Asset\HLSL</Filter>
    </FxCompile>
    <FxCompile Include="..\Media\Effect\HLSL\Sprite.hlsl">
      <Filter>Asset\HLSL</Filter>
    </FxCompile>
  </ItemGroup>
  <ItemGroup>
    <Xml Include="..\Media\Effect\FSQuad.effect.xml">
      <Filter>Asset\Effect</Filter>
    </Xml>
    <Xml Include="..\Media\Effect\Model.effect.xml">
      <Filter>Asset\Effect</Filter>
    </Xml>
    <Xml Include="..\Media\Material\Model.material.xml">
      <Filter>Asset\Material</Filter>
    </Xml>
    <Xml Include="..\Media\Effect\DeferredLighting.effect.xml">
      <Filter>Asset\Effect</Filter>
    </Xml>
    <Xml Include="..\Media\Effect\AlphaTest.effect.xml">
      <Filter>Asset\Effect</Filter>
    </Xml>
    <Xml Include="..\Media\Effect\HDRToneMap.effect.xml">
      <Filter>Asset\Effect</Filter>
    </Xml>
    <Xml Include="..\Media\Effect\DebugView.effect.xml">
      <Filter>Asset\Effect</Filter>
    </Xml>
    <Xml Include="..\Media\Effect\TiledDeferredShading.effect.xml">
      <Filter>Asset\Effect</Filter>
    </Xml>
    <Xml Include="..\Media\Effect\Compute.effect.xml">
      <Filter>Asset\Effect</Filter>
    </Xml>
    <Xml Include="..\Media\Effect\TiledLightCull.effect.xml">
      <Filter>Asset\Effect</Filter>
    </Xml>
    <Xml Include="..\Media\Effect\Tessellation.effect.xml">
      <Filter>Asset\Effect</Filter>
    </Xml>
    <Xml Include="..\Media\Effect\Sprite.effect.xml">
      <Filter>Asset\Effect</Filter>
    </Xml>
  </ItemGroup>
</Project>