
Microsoft Visual Studio Solution File, Format Version 12.00
# Visual Studio 2012
Project("{8BC9CEB8-8B4A-11D0-8D11-00A0C91BC942}") = "RcEngine", "RcEngine\RcEngine.vcxproj", "{8C5FC295-3DCE-4113-83C6-884D4F46DEF2}"
EndProject
Project("{2150E333-8FDC-42A3-9474-1A3956D46DE8}") = "Tools", "Tools", "{8A1135A4-739E-4894-9089-D82A77F59F4F}"
EndProject
Project("{8BC9CEB8-8B4A-11D0-8D11-00A0C91BC942}") = "OpenGLRenderSystem", "OpenGLRenderSystem\OpenGLRenderSystem.vcxproj", "{7F1B1907-F2D6-48C4-A58C-5F6FF66F6B4D}"
EndProject
Project("{8BC9CEB8-8B4A-11D0-8D11-00A0C91BC942}") = "MeshImporter", "Tools\MeshImporter\MeshImporter.vcxproj", "{83F067BE-F442-415A-A122-6C5C2E73AE3D}"
EndProject
Project("{8BC9CEB8-8B4A-11D0-8D11-00A0C91BC942}") = "FontImporter", "Tools\FontImporter\FontImporter.vcxproj", "{3A14A5BF-B04D-42FB-B8CB-7883A95A7355}"
EndProject
Project("{8BC9CEB8-8B4A-11D0-8D11-00A0C91BC942}") = "FbxImporter", "Tools\FbxImporter\FbxImporter.vcxproj", "{8F51C30A-0889-49FC-928B-060917477106}"
EndProject
Project("{2150E333-8FDC-42A3-9474-1A3956D46DE8}") = "Samples", "Samples", "{3B4A1896-1B80-4E14-B14D-03138B4E4C13}"
EndProject
Project("{8BC9CEB8-8B4A-11D0-8D11-00A0C91BC942}") = "Direct3D11RenderSystem", "Direct3D11RenderSystem\Direct3D11RenderSystem.vcxproj", "{9D87FBBF-A444-4AB6-BCF8-C40F83974286}"
EndProject
Project("{2150E333-8FDC-42A3-9474-1A3956D46DE8}") = "Test", "Test", "{EDDB851F-6628-4F12-82A8-A8E9B017A5CE}"
EndProject
Project("{8BC9CEB8-8B4A-11D0-8D11-00A0C91BC942}") = "LOLImporter", "Tools\LOLImporter\LOLImporter.vcxproj", "{A369F032-D585-464D-A340-A83DB52F3535}"
EndProject
Project("{8BC9CEB8-8B4A-11D0-8D11-00A0C91BC942}") = "Character", "Samples\Character\Character.vcxproj", "{060DE026-8B90-45BB-AE1F-79572991AE33}"
EndProject
Project("{8BC9CEB8-8B4A-11D0-8D11-00A0C91BC942}") = "FbxTest", "Test\FbxTest\FbxTest.vcxproj", "{097AC6AA-4C1F-45A8-923A-5D4AF64CE0A1}"
EndProject
Project("{8BC9CEB8-8B4A-11D0-8D11-00A0C91BC942}") = "RenderPath", "Samples\RenderPath\RenderPath.vcxproj", "{CAADBA4F-F7A1-40E4-961F-D2BD2B033E09}"
EndProject
Project("{8BC9CEB8-8B4A-11D0-8D11-00A0C91BC942}") = "GUIApp", "Samples\GUIApp\GUIApp.vcxproj", "{DCDDC6A1-C15B-4087-ADEC-0F29A0EA2925}"
EndProject
Project("{8BC9CEB8-8B4A-11D0-8D11-00A0C91BC942}") = "PSSMTest", "Test\PSSMTest\PSSMTest.vcxproj", "{EB75CF6B-93D3-4F44-AF9A-95347368BAF6}"
EndProject
Project("{8BC9CEB8-8B4A-11D0-8D11-00A0C91BC942}") = "FastGlobalIllumination", "Samples\FastGlobalIllumination\FastGlobalIllumination.vcxproj", "{E34544D6-1661-45A2-9FEC-9DBC55510E97}"
EndProject
Project("{8BC9CEB8-8B4A-11D0-8D11-00A0C91BC942}") = "ShadowMapApp", "Samples\ShadowMapApp\ShadowMapApp.vcxproj", "{5203DAC2-B8D7-4BE3-94D7-7909C4C2545A}"
EndProject
Project("{8BC9CEB8-8B4A-11D0-8D11-00A0C91BC942}") = "MeshTest", "Test\MeshTest\MeshTest.vcxproj", "{C06A03EA-4C53-4C61-AE61-97CB3209CBD2}"
EndProject
Global
	GlobalSection(SolutionConfigurationPlatforms) = preSolution
		Debug|Win32 = Debug|Win32
		Release|Win32 = Release|Win32
	EndGlobalSection
	GlobalSection(ProjectConfigurationPlatforms) = postSolution
		{8C5FC295-3DCE-4113-83C6-884D4F46DEF2}.Debug|Win32.ActiveCfg = Debug|Win32
		{8C5FC295-3DCE-4113-83C6-884D4F46DEF2}.Debug|Win32.Build.0 = Debug|Win32
		{8C5FC295-3DCE-4113-83C6-884D4F46DEF2}.Release|Win32.ActiveCfg = Release|Win32
		{8C5FC295-3DCE-4113-83C6-884D4F46DEF2}.Release|Win32.Build.0 = Release|Win32
		{7F1B1907-F2D6-48C4-A58C-5F6FF66F6B4D}.Debug|Win32.ActiveCfg = Debug|Win32
		{7F1B1907-F2D6-48C4-A58C-5F6FF66F6B4D}.Debug|Win32.Build.0 = Debug|Win32
		{7F1B1907-F2D6-48C4-A58C-5F6FF66F6B4D}.Release|Win32.ActiveCfg = Release|Win32
		{7F1B1907-F2D6-48C4-A58C-5F6FF66F6B4D}.Release|Win32.Build.0 = Release|Win32
		{83F067BE-F442-415A-A122-6C5C2E73AE3D}.Debug|Win32.ActiveCfg = Debug|Win32
		{83F067BE-F442-415A-A122-6C5C2E73AE3D}.Debug|Win32.Build.0 = Debug|Win32
		{83F067BE-F442-415A-A122-6C5C2E73AE3D}.Release|Win32.ActiveCfg = Release|Win32
		{83F067BE-F442-415A-A122-6C5C2E73AE3D}.Release|Win32.Build.0 = Release|Win32
		{3A14A5BF-B04D-42FB-B8CB-7883A95A7355}.Debug|Win32.ActiveCfg = Debug|Win32
		{3A14A5BF-B04D-42FB-B8CB-7883A95A7355}.Debug|Win32.Build.0 = Debug|Win32
		{3A14A5BF-B04D-42FB-B8CB-7883A95A7355}.Release|Win32.ActiveCfg = Release|Win32
		{3A14A5BF-B04D-42FB-B8CB-7883A95A7355}.Release|Win32.Build.0 = Release|Win32
		{8F51C30A-0889-49FC-928B-060917477106}.Debug|Win32.ActiveCfg = Debug|Win32
		{8F51C30A-0889-49FC-928B-060917477106}.Debug|Win32.Build.0 = Debug|Win32
		{8F51C30A-0889-49FC-928B-060917477106}.Release|Win32.ActiveCfg = Release|Win32
		{8F51C30A-0889-49FC-928B-060917477106}.Release|Win32.Build.0 = Release|Win32
		{9D87FBBF-A444-4AB6-BCF8-C40F83974286}.Debug|Win32.ActiveCfg = Debug|Win32
		{9D87FBBF-A444-4AB6-BCF8-C40F83974286}.Debug|Win32.Build.0 = Debug|Win32
		{9D87FBBF-A444-4AB6-BCF8-C40F83974286}.Release|Win32.ActiveCfg = Release|Win32
		{9D87FBBF-A444-4AB6-BCF8-C40F83974286}.Release|Win32.Build.0 = Release|Win32
		{A369F032-D585-464D-A340-A83DB52F3535}.Debug|Win32.ActiveCfg = Debug|Win32
		{A369F032-D585-464D-A340-A83DB52F3535}.Debug|Win32.Build.0 = Debug|Win32
		{A369F032-D585-464D-A340-A83DB52F3535}.Release|Win32.ActiveCfg = Release|Win32
		{A369F032-D585-464D-A340-A83DB52F3535}.Release|Win32.Build.0 = Release|Win32
		{060DE026-8B90-45BB-AE1F-79572991AE33}.Debug|Win32.ActiveCfg = Debug|Win32
		{060DE026-8B90-45BB-AE1F-79572991AE33}.Debug|Win32.Build.0 = Debug|Win32
		{060DE026-8B90-45BB-AE1F-79572991AE33}.Release|Win32.ActiveCfg = Release|Win32
		{060DE026-8B90-45BB-AE1F-79572991AE33}.Release|Win32.Build.0 = Release|Win32
		{097AC6AA-4C1F-45A8-923A-5D4AF64CE0A1}.Debug|Win32.ActiveCfg = Debug|Win32
		{097AC6AA-4C1F-45A8-923A-5D4AF64CE0A1}.Debug|Win32.Build.0 = Debug|Win32
		{097AC6AA-4C1F-45A8-923A-5D4AF64CE0A1}.Release|Win32.ActiveCfg = Release|Win32
		{097AC6AA-4C1F-45A8-923A-5D4AF64CE0A1}.Release|Win32.Build.0 = Release|Win32
		{CAADBA4F-F7A1-40E4-961F-D2BD2B033E09}.Debug|Win32.ActiveCfg = Debug|Win32
		{CAADBA4F-F7A1-40E4-961F-D2BD2B033E09}.Debug|Win32.Build.0 = Debug|Win32
		{CAADBA4F-F7A1-40E4-961F-D2BD2B033E09}.Release|Win32.ActiveCfg = Release|Win32
		{CAADBA4F-F7A1-40E4-961F-D2BD2B033E09}.Release|Win32.Build.0 = Release|Win32
		{DCDDC6A1-C15B-4087-ADEC-0F29A0EA2925}.Debug|Win32.ActiveCfg = Debug|Win32
		{DCDDC6A1-C15B-4087-ADEC-0F29A0EA2925}.Debug|Win32.Build.0 = Debug|Win32
		{DCDDC6A1-C15B-4087-ADEC-0F29A0EA2925}.Release|Win32.ActiveCfg = Release|Win32
		{DCDDC6A1-C15B-4087-ADEC-0F29A0EA2925}.Release|Win32.Build.0 = Release|Win32
		{EB75CF6B-93D3-4F44-AF9A-95347368BAF6}.Debug|Win32.ActiveCfg = Debug|Win32
		{EB75CF6B-93D3-4F44-AF9A-95347368BAF6}.Debug|Win32.Build.0 = Debug|Win32
		{EB75CF6B-93D3-4F44-AF9A-95347368BAF6}.Release|Win32.ActiveCfg = Release|Win32
		{EB75CF6B-93D3-4F44-AF9A-95347368BAF6}.Release|Win32.Build.0 = Release|Win32
		{E34544D6-1661-45A2-9FEC-9DBC55510E97}.Debug|Win32.ActiveCfg = Debug|Win32
		{E34544D6-1661-45A2-9FEC-9DBC55510E97}.Debug|Win32.Build.0 = Debug|Win32
		{E34544D6-1661-45A2-9FEC-9DBC55510E97}.Release|Win32.ActiveCfg = Release|Win32
		{E34544D6-1661-45A2-9FEC-9DBC55510E97}.Release|Win32.Build.0 = Release|Win32
		{5203DAC2-B8D7-4BE3-94D7-7909C4C2545A}.Debug|Win32.ActiveCfg = Debug|Win32
		{5203DAC2-B8D7-4BE3-94D7-7909C4C2545A}.Debug|Win32.Build.0 = Debug|Win32
		{5203DAC2-B8D7-4BE3-94D7-7909C4C2545A}.Release|Win32.ActiveCfg = Release|Win32
		{5203DAC2-B8D7-4BE3-94D7-7909C4C2545A}.Release|Win32.Build.0 = Release|Win32
		{C06A03EA-4C53-4C61-AE61-97CB3209CBD2}.Debug|Win32.ActiveCfg = Debug|Win32
		{C06A03EA-4C53-4C61-AE61-97CB3209CBD2}.Debug|Win32.Build.0 = Debug|Win32
		{C06A03EA-4C53-4C61-AE61-97CB3209CBD2}.Release|Win32.ActiveCfg = Release|Win32
		{C06A03EA-4C53-4C61-AE61-97CB3209CBD2}.Release|Win32.Build.0 = Release|Win32
	EndGlobalSection
	GlobalSection(SolutionProperties) = preSolution
		HideSolutionNode = FALSE
	EndGlobalSection
	GlobalSection(NestedProjects) = preSolution
		{83F067BE-F442-415A-A122-6C5C2E73AE3D} = {8A1135A4-739E-4894-9089-D82A77F59F4F}
		{3A14A5BF-B04D-42FB-B8CB-7883A95A7355} = {8A1135A4-739E-4894-9089-D82A77F59F4F}
		{8F51C30A-0889-49FC-928B-060917477106} = {8A1135A4-739E-4894-9089-D82A77F59F4F}
		{A369F032-D585-464D-A340-A83DB52F3535} = {8A1135A4-739E-4894-9089-D82A77F59F4F}
		{060DE026-8B90-45BB-AE1F-79572991AE33} = {3B4A1896-1B80-4E14-B14D-03138B4E4C13}
		{CAADBA4F-F7A1-40E4-961F-D2BD2B033E09} = {3B4A1896-1B80-4E14-B14D-03138B4E4C13}
		{DCDDC6A1-C15B-4087-ADEC-0F29A0EA2925} = {3B4A1896-1B80-4E14-B14D-03138B4E4C13}
		{E34544D6-1661-45A2-9FEC-9DBC55510E97} = {3B4A1896-1B80-4E14-B14D-03138B4E4C13}
		{5203DAC2-B8D7-4BE3-94D7-7909C4C2545A} = {3B4A1896-1B80-4E14-B14D-03138B4E4C13}
		{097AC6AA-4C1F-45A8-923A-5D4AF64CE0A1} = {EDDB851F-6628-4F12-82A8-A8E9B017A5CE}
		{EB75CF6B-93D3-4F44-AF9A-95347368BAF6} = {EDDB851F-6628-4F12-82A8-A8E9B017A5CE}
		{C06A03EA-4C53-4C61-AE61-97CB3209CBD2} = {EDDB851F-6628-4F12-82A8-A8E9B017A5CE}
	EndGlobalSection
EndGlobal
